
Microsoft Visual Studio Solution File, Format Version 12.00
# Visual Studio Version 16
VisualStudioVersion = 16.0.30309.148
MinimumVisualStudioVersion = 10.0.40219.1
Project("{FAE04EC0-301F-11D3-BF4B-00C04F79EFBC}") = "harvester", "harvester\harvester.csproj", "{A91B4E7E-8EAF-4268-A0E9-30CDD380922E}"
EndProject
Global
	GlobalSection(SolutionConfigurationPlatforms) = preSolution
		Debug|Any CPU = Debug|Any CPU
		Release|Any CPU = Release|Any CPU
	EndGlobalSection
	GlobalSection(ProjectConfigurationPlatforms) = postSolution
		{A91B4E7E-8EAF-4268-A0E9-30CDD380922E}.Debug|Any CPU.ActiveCfg = Debug|Any CPU
		{A91B4E7E-8EAF-4268-A0E9-30CDD380922E}.Debug|Any CPU.Build.0 = Debug|Any CPU
		{A91B4E7E-8EAF-4268-A0E9-30CDD380922E}.Release|Any CPU.ActiveCfg = Release|Any CPU
		{A91B4E7E-8EAF-4268-A0E9-30CDD380922E}.Release|Any CPU.Build.0 = Release|Any CPU
	EndGlobalSection
	GlobalSection(SolutionProperties) = preSolution
		HideSolutionNode = FALSE
	EndGlobalSection
	GlobalSection(ExtensibilityGlobals) = postSolution
		SolutionGuid = {C9FFFBDA-9783-49C0-BF19-E8345BFDC8DF}
	EndGlobalSection
EndGlobal
